dependencies:
- name: postgresql
  repository: https://kubernetes-charts.storage.googleapis.com
  version: 2.3.4
- name: mariadb
  repository: https://kubernetes-charts.storage.googleapis.com
  version: 5.2.3
- name: bitcoind
  repository: https://kubernetes-charts.storage.googleapis.com
  version: 0.1.3
- name: lightningd
  repository: https://asperitus.github.io/helm
  version: 0.1.0
- name: btcpayd
  repository: https://asperitus.github.io/helm
  version: 0.1.0
- name: wordpress
  repository: https://asperitus.github.io/helm
  version: 3.3.0
digest: sha256:7b658fe4c686ff2bf473fcd4156cba995f666db61de13b26095582249ab38faa
generated: 2018-11-10T19:23:26.068336457-08:00
